
Microsoft Visual Studio Solution File, Format Version 12.00
# Visual Studio Version 17
VisualStudioVersion = 17.11.35222.181
MinimumVisualStudioVersion = 10.0.40219.1
Project("{FAE04EC0-301F-11D3-BF4B-00C04F79EFBC}") = "LTWeb", "LTWeb\LTWeb.csproj", "{9949A6B2-5583-45AB-82F4-7133D56D986F}"
EndProject
Global
	GlobalSection(SolutionConfigurationPlatforms) = preSolution
		Debug|Any CPU = Debug|Any CPU
		Release|Any CPU = Release|Any CPU
	EndGlobalSection
	GlobalSection(ProjectConfigurationPlatforms) = postSolution
		{9949A6B2-5583-45AB-82F4-7133D56D986F}.Debug|Any CPU.ActiveCfg = Debug|Any CPU
		{9949A6B2-5583-45AB-82F4-7133D56D986F}.Debug|Any CPU.Build.0 = Debug|Any CPU
		{9949A6B2-5583-45AB-82F4-7133D56D986F}.Release|Any CPU.ActiveCfg = Release|Any CPU
		{9949A6B2-5583-45AB-82F4-7133D56D986F}.Release|Any CPU.Build.0 = Release|Any CPU
	EndGlobalSection
	GlobalSection(SolutionProperties) = preSolution
		HideSolutionNode = FALSE
	EndGlobalSection
	GlobalSection(ExtensibilityGlobals) = postSolution
		SolutionGuid = {6C991C14-C8E9-4FB9-95BF-AA6327905282}
	EndGlobalSection
EndGlobal
